<Solution>
  <Project Path="ApiGateway/ApiGateway.csproj" />
  <Project Path="BusinessLogicLayer/BusinessLogicLayer.csproj" />
  <Project Path="DataAccessLayer/DataAccessLayer.csproj" />
  <Project Path="docker-compose.dcproj">
    <Build />
  </Project>
  <Project Path="OrdersService.API/OrdersService.API.csproj" />
</Solution>
