
Microsoft Visual Studio Solution File, Format Version 12.00
# Visual Studio Version 17
VisualStudioVersion = 17.14.36623.8
MinimumVisualStudioVersion = 10.0.40219.1
Project("{FAE04EC0-301F-11D3-BF4B-00C04F79EFBC}") = "eCommerce.API", "eCommerce.API\eCommerce.API.csproj", "{42F0AFE6-EA6F-4D53-9AF3-540051487041}"
EndProject
Project("{FAE04EC0-301F-11D3-BF4B-00C04F79EFBC}") = "eCommerce.Infrastructure", "eCommerce.Infrastructure\eCommerce.Infrastructure.csproj", "{AFC58B73-8E69-42CB-B1F4-09AE01C973C9}"
EndProject
Project("{FAE04EC0-301F-11D3-BF4B-00C04F79EFBC}") = "eCommerce.Core", "eCommerce.Core\eCommerce.Core.csproj", "{94687BE6-9293-4E44-8ED4-7F608E12B5E1}"
EndProject
Global
	GlobalSection(SolutionConfigurationPlatforms) = preSolution
		Debug|Any CPU = Debug|Any CPU
		Release|Any CPU = Release|Any CPU
	EndGlobalSection
	GlobalSection(ProjectConfigurationPlatforms) = postSolution
		{42F0AFE6-EA6F-4D53-9AF3-540051487041}.Debug|Any CPU.ActiveCfg = Debug|Any CPU
		{42F0AFE6-EA6F-4D53-9AF3-540051487041}.Debug|Any CPU.Build.0 = Debug|Any CPU
		{42F0AFE6-EA6F-4D53-9AF3-540051487041}.Release|Any CPU.ActiveCfg = Release|Any CPU
		{42F0AFE6-EA6F-4D53-9AF3-540051487041}.Release|Any CPU.Build.0 = Release|Any CPU
		{AFC58B73-8E69-42CB-B1F4-09AE01C973C9}.Debug|Any CPU.ActiveCfg = Debug|Any CPU
		{AFC58B73-8E69-42CB-B1F4-09AE01C973C9}.Debug|Any CPU.Build.0 = Debug|Any CPU
		{AFC58B73-8E69-42CB-B1F4-09AE01C973C9}.Release|Any CPU.ActiveCfg = Release|Any CPU
		{AFC58B73-8E69-42CB-B1F4-09AE01C973C9}.Release|Any CPU.Build.0 = Release|Any CPU
		{94687BE6-9293-4E44-8ED4-7F608E12B5E1}.Debug|Any CPU.ActiveCfg = Debug|Any CPU
		{94687BE6-9293-4E44-8ED4-7F608E12B5E1}.Debug|Any CPU.Build.0 = Debug|Any CPU
		{94687BE6-9293-4E44-8ED4-7F608E12B5E1}.Release|Any CPU.ActiveCfg = Release|Any CPU
		{94687BE6-9293-4E44-8ED4-7F608E12B5E1}.Release|Any CPU.Build.0 = Release|Any CPU
	EndGlobalSection
	GlobalSection(SolutionProperties) = preSolution
		HideSolutionNode = FALSE
	EndGlobalSection
	GlobalSection(ExtensibilityGlobals) = postSolution
		SolutionGuid = {3ECF36A4-6A18-4CAE-9112-EAE066BA5A86}
	EndGlobalSection
EndGlobal
